
Microsoft Visual Studio Solution File, Format Version 12.00
# Visual Studio Version 17
VisualStudioVersion = 17.12.35527.113
MinimumVisualStudioVersion = 10.0.40219.1
Project("{FAE04EC0-301F-11D3-BF4B-00C04F79EFBC}") = "Isc.Yft.UsbBridge", "UsbBridge\Isc.Yft.UsbBridge.csproj", "{531343E9-46D7-4AF9-BD58-40A13AFDD82B}"
EndProject
Project("{FAE04EC0-301F-11D3-BF4B-00C04F79EFBC}") = "Isc.Yft.UsbBridgeTest", "UsbBridgeTest\Isc.Yft.UsbBridgeTest.csproj", "{08730103-557C-4E47-BD45-985BD948E728}"
EndProject
Global
	GlobalSection(SolutionConfigurationPlatforms) = preSolution
		Debug|Any CPU = Debug|Any CPU
		Debug|x64 = Debug|x64
		Release|Any CPU = Release|Any CPU
		Release|x64 = Release|x64
	EndGlobalSection
	GlobalSection(ProjectConfigurationPlatforms) = postSolution
		{531343E9-46D7-4AF9-BD58-40A13AFDD82B}.Debug|Any CPU.ActiveCfg = Debug|Any CPU
		{531343E9-46D7-4AF9-BD58-40A13AFDD82B}.Debug|Any CPU.Build.0 = Debug|Any CPU
		{531343E9-46D7-4AF9-BD58-40A13AFDD82B}.Debug|x64.ActiveCfg = Debug|x64
		{531343E9-46D7-4AF9-BD58-40A13AFDD82B}.Debug|x64.Build.0 = Debug|x64
		{531343E9-46D7-4AF9-BD58-40A13AFDD82B}.Release|Any CPU.ActiveCfg = Release|Any CPU
		{531343E9-46D7-4AF9-BD58-40A13AFDD82B}.Release|Any CPU.Build.0 = Release|Any CPU
		{531343E9-46D7-4AF9-BD58-40A13AFDD82B}.Release|x64.ActiveCfg = Release|x64
		{531343E9-46D7-4AF9-BD58-40A13AFDD82B}.Release|x64.Build.0 = Release|x64
		{08730103-557C-4E47-BD45-985BD948E728}.Debug|Any CPU.ActiveCfg = Debug|Any CPU
		{08730103-557C-4E47-BD45-985BD948E728}.Debug|Any CPU.Build.0 = Debug|Any CPU
		{08730103-557C-4E47-BD45-985BD948E728}.Debug|x64.ActiveCfg = Debug|x64
		{08730103-557C-4E47-BD45-985BD948E728}.Debug|x64.Build.0 = Debug|x64
		{08730103-557C-4E47-BD45-985BD948E728}.Release|Any CPU.ActiveCfg = Release|Any CPU
		{08730103-557C-4E47-BD45-985BD948E728}.Release|Any CPU.Build.0 = Release|Any CPU
		{08730103-557C-4E47-BD45-985BD948E728}.Release|x64.ActiveCfg = Release|x64
		{08730103-557C-4E47-BD45-985BD948E728}.Release|x64.Build.0 = Release|x64
	EndGlobalSection
	GlobalSection(SolutionProperties) = preSolution
		HideSolutionNode = FALSE
	EndGlobalSection
EndGlobal
